
Microsoft Visual Studio Solution File, Format Version 12.00
# Visual Studio Version 17
VisualStudioVersion = 17.7.34221.43
MinimumVisualStudioVersion = 10.0.40219.1
Project("{FAE04EC0-301F-11D3-BF4B-00C04F79EFBC}") = "KasynoGui", "KasynoGui.csproj", "{788E5970-B3A2-4E2E-8F6D-A10C4B9D2827}"
EndProject
Project("{FAE04EC0-301F-11D3-BF4B-00C04F79EFBC}") = "KasynoBL", "..\KasynoBL\KasynoBL.csproj", "{EBF6640C-3DD6-4F0C-B607-B762DBD5B636}"
EndProject
Global
	GlobalSection(SolutionConfigurationPlatforms) = preSolution
		Debug|Any CPU = Debug|Any CPU
		Release|Any CPU = Release|Any CPU
	EndGlobalSection
	GlobalSection(ProjectConfigurationPlatforms) = postSolution
		{788E5970-B3A2-4E2E-8F6D-A10C4B9D2827}.Debug|Any CPU.ActiveCfg = Debug|Any CPU
		{788E5970-B3A2-4E2E-8F6D-A10C4B9D2827}.Debug|Any CPU.Build.0 = Debug|Any CPU
		{788E5970-B3A2-4E2E-8F6D-A10C4B9D2827}.Release|Any CPU.ActiveCfg = Release|Any CPU
		{788E5970-B3A2-4E2E-8F6D-A10C4B9D2827}.Release|Any CPU.Build.0 = Release|Any CPU
		{EBF6640C-3DD6-4F0C-B607-B762DBD5B636}.Debug|Any CPU.ActiveCfg = Debug|Any CPU
		{EBF6640C-3DD6-4F0C-B607-B762DBD5B636}.Debug|Any CPU.Build.0 = Debug|Any CPU
		{EBF6640C-3DD6-4F0C-B607-B762DBD5B636}.Release|Any CPU.ActiveCfg = Release|Any CPU
		{EBF6640C-3DD6-4F0C-B607-B762DBD5B636}.Release|Any CPU.Build.0 = Release|Any CPU
	EndGlobalSection
	GlobalSection(SolutionProperties) = preSolution
		HideSolutionNode = FALSE
	EndGlobalSection
	GlobalSection(ExtensibilityGlobals) = postSolution
		SolutionGuid = {D798009F-8BA9-4223-9F42-730D59417E5C}
	EndGlobalSection
EndGlobal
